github.com/adlio/schema v1.3.3 h1:oBJn8I02PyTB466pZO1UZEn1TV5XLlifBSyMrmHl/1I=
github.com/adlio/schema v1.3.3/go.mod h1:1EsRssiv9/Ce2CMzq5DoL7RiMshhuigQxrR4DMV9fHg=
github.com/go-sql-driver/mysql v1.7.0 h1:ueSltNNllEqE3qcWBTD0iQd3IpL/6U+mJxLkazJ7YPc=
github.com/go-sql-driver/mysql v1.7.0/go.mod h1:OXbVy3sEdcQ2Doequ6Z5BW6fXNQTmx+9S1MCJN5yJMI=
